
Microsoft Visual Studio Solution File, Format Version 12.00
# Visual Studio Version 17
VisualStudioVersion = 17.8.34330.188
MinimumVisualStudioVersion = 10.0.40219.1
Project("{FAE04EC0-301F-11D3-BF4B-00C04F79EFBC}") = "GraphSearch", "GraphSearch\GraphSearch.csproj", "{9F860F82-E89F-4219-ACF6-0CE759CFA25D}"
EndProject
Project("{FAE04EC0-301F-11D3-BF4B-00C04F79EFBC}") = "Workspace", "Workspace\Workspace.csproj", "{CE56F211-BCAF-4F32-9D75-B61DE7C19B32}"
EndProject
Global
	GlobalSection(SolutionConfigurationPlatforms) = preSolution
		Debug|Any CPU = Debug|Any CPU
		Release|Any CPU = Release|Any CPU
	EndGlobalSection
	GlobalSection(ProjectConfigurationPlatforms) = postSolution
		{9F860F82-E89F-4219-ACF6-0CE759CFA25D}.Debug|Any CPU.ActiveCfg = Debug|Any CPU
		{9F860F82-E89F-4219-ACF6-0CE759CFA25D}.Debug|Any CPU.Build.0 = Debug|Any CPU
		{9F860F82-E89F-4219-ACF6-0CE759CFA25D}.Release|Any CPU.ActiveCfg = Release|Any CPU
		{9F860F82-E89F-4219-ACF6-0CE759CFA25D}.Release|Any CPU.Build.0 = Release|Any CPU
		{CE56F211-BCAF-4F32-9D75-B61DE7C19B32}.Debug|Any CPU.ActiveCfg = Debug|Any CPU
		{CE56F211-BCAF-4F32-9D75-B61DE7C19B32}.Debug|Any CPU.Build.0 = Debug|Any CPU
		{CE56F211-BCAF-4F32-9D75-B61DE7C19B32}.Release|Any CPU.ActiveCfg = Release|Any CPU
		{CE56F211-BCAF-4F32-9D75-B61DE7C19B32}.Release|Any CPU.Build.0 = Release|Any CPU
	EndGlobalSection
	GlobalSection(SolutionProperties) = preSolution
		HideSolutionNode = FALSE
	EndGlobalSection
	GlobalSection(ExtensibilityGlobals) = postSolution
		SolutionGuid = {72EB0E8D-369B-46AA-9384-99BD469C4609}
	EndGlobalSection
EndGlobal
